
Microsoft Visual Studio Solution File, Format Version 12.00
# Visual Studio Version 16
VisualStudioVersion = 16.0.30907.101
MinimumVisualStudioVersion = 10.0.40219.1
Project("{FAE04EC0-301F-11D3-BF4B-00C04F79EFBC}") = "week2_single_page_application", "week2_single_page_application\week2_single_page_application.csproj", "{A258647B-54CF-4519-A0B0-152BFF8E1822}"
EndProject
Global
	GlobalSection(SolutionConfigurationPlatforms) = preSolution
		Debug|Any CPU = Debug|Any CPU
		Release|Any CPU = Release|Any CPU
	EndGlobalSection
	GlobalSection(ProjectConfigurationPlatforms) = postSolution
		{A258647B-54CF-4519-A0B0-152BFF8E1822}.Debug|Any CPU.ActiveCfg = Debug|Any CPU
		{A258647B-54CF-4519-A0B0-152BFF8E1822}.Debug|Any CPU.Build.0 = Debug|Any CPU
		{A258647B-54CF-4519-A0B0-152BFF8E1822}.Release|Any CPU.ActiveCfg = Release|Any CPU
		{A258647B-54CF-4519-A0B0-152BFF8E1822}.Release|Any CPU.Build.0 = Release|Any CPU
	EndGlobalSection
	GlobalSection(SolutionProperties) = preSolution
		HideSolutionNode = FALSE
	EndGlobalSection
	GlobalSection(ExtensibilityGlobals) = postSolution
		SolutionGuid = {DA995146-FB49-4C2F-B56E-018E90A8F760}
	EndGlobalSection
EndGlobal
